
Microsoft Visual Studio Solution File, Format Version 12.00
# Visual Studio Version 16
VisualStudioVersion = 16.0.31129.286
MinimumVisualStudioVersion = 10.0.40219.1
Project("{9A19103F-16F7-4668-BE54-9A1E7A4F7556}") = "DesafioRiachuello", "DesafioRiachuello\DesafioRiachuello.csproj", "{D533EFED-4C29-47A5-9995-59A8A0803752}"
EndProject
Project("{FAE04EC0-301F-11D3-BF4B-00C04F79EFBC}") = "CriptoAndHashService", "CriptoAndHashService\CriptoAndHashService.csproj", "{7FC83556-7206-4FF0-877B-5CCBCE555829}"
EndProject
Project("{FAE04EC0-301F-11D3-BF4B-00C04F79EFBC}") = "DesafioRiachuelloDAL", "DesafioRiachuelloDAL\DesafioRiachuelloDAL.csproj", "{6F5E32ED-C453-4EAE-BE1A-19D40757B3C8}"
EndProject
Project("{FAE04EC0-301F-11D3-BF4B-00C04F79EFBC}") = "ModelsServicesInterfaces", "ModelsServicesInterfaces\ModelsServicesInterfaces.csproj", "{9EEACB24-3DCA-4402-A8D8-064B9C299DB8}"
EndProject
Global
	GlobalSection(SolutionConfigurationPlatforms) = preSolution
		Debug|Any CPU = Debug|Any CPU
		Release|Any CPU = Release|Any CPU
	EndGlobalSection
	GlobalSection(ProjectConfigurationPlatforms) = postSolution
		{D533EFED-4C29-47A5-9995-59A8A0803752}.Debug|Any CPU.ActiveCfg = Debug|Any CPU
		{D533EFED-4C29-47A5-9995-59A8A0803752}.Debug|Any CPU.Build.0 = Debug|Any CPU
		{D533EFED-4C29-47A5-9995-59A8A0803752}.Release|Any CPU.ActiveCfg = Release|Any CPU
		{D533EFED-4C29-47A5-9995-59A8A0803752}.Release|Any CPU.Build.0 = Release|Any CPU
		{7FC83556-7206-4FF0-877B-5CCBCE555829}.Debug|Any CPU.ActiveCfg = Debug|Any CPU
		{7FC83556-7206-4FF0-877B-5CCBCE555829}.Debug|Any CPU.Build.0 = Debug|Any CPU
		{7FC83556-7206-4FF0-877B-5CCBCE555829}.Release|Any CPU.ActiveCfg = Release|Any CPU
		{7FC83556-7206-4FF0-877B-5CCBCE555829}.Release|Any CPU.Build.0 = Release|Any CPU
		{6F5E32ED-C453-4EAE-BE1A-19D40757B3C8}.Debug|Any CPU.ActiveCfg = Debug|Any CPU
		{6F5E32ED-C453-4EAE-BE1A-19D40757B3C8}.Debug|Any CPU.Build.0 = Debug|Any CPU
		{6F5E32ED-C453-4EAE-BE1A-19D40757B3C8}.Release|Any CPU.ActiveCfg = Release|Any CPU
		{6F5E32ED-C453-4EAE-BE1A-19D40757B3C8}.Release|Any CPU.Build.0 = Release|Any CPU
		{9EEACB24-3DCA-4402-A8D8-064B9C299DB8}.Debug|Any CPU.ActiveCfg = Debug|Any CPU
		{9EEACB24-3DCA-4402-A8D8-064B9C299DB8}.Debug|Any CPU.Build.0 = Debug|Any CPU
		{9EEACB24-3DCA-4402-A8D8-064B9C299DB8}.Release|Any CPU.ActiveCfg = Release|Any CPU
		{9EEACB24-3DCA-4402-A8D8-064B9C299DB8}.Release|Any CPU.Build.0 = Release|Any CPU
	EndGlobalSection
	GlobalSection(SolutionProperties) = preSolution
		HideSolutionNode = FALSE
	EndGlobalSection
	GlobalSection(ExtensibilityGlobals) = postSolution
		SolutionGuid = {B3C06AB2-6EBF-4AC4-B601-EB11B3CC40D7}
	EndGlobalSection
EndGlobal
